
Microsoft Visual Studio Solution File, Format Version 12.00
Project("{FAE04EC0-301F-11D3-BF4B-00C04F79EFBC}") = "Buildy", "Buildy\Buildy.csproj", "{B321C503-306E-4543-8A4C-E5B1F6D2D78A}"
EndProject
Global
	GlobalSection(SolutionConfigurationPlatforms) = preSolution
		Debug|Any CPU = Debug|Any CPU
		Release|Any CPU = Release|Any CPU
	EndGlobalSection
	GlobalSection(ProjectConfigurationPlatforms) = postSolution
		{B321C503-306E-4543-8A4C-E5B1F6D2D78A}.Debug|Any CPU.ActiveCfg = Debug|Any CPU
		{B321C503-306E-4543-8A4C-E5B1F6D2D78A}.Debug|Any CPU.Build.0 = Debug|Any CPU
		{B321C503-306E-4543-8A4C-E5B1F6D2D78A}.Release|Any CPU.ActiveCfg = Release|Any CPU
		{B321C503-306E-4543-8A4C-E5B1F6D2D78A}.Release|Any CPU.Build.0 = Release|Any CPU
	EndGlobalSection
EndGlobal
