
Microsoft Visual Studio Solution File, Format Version 12.00
Project("{FAE04EC0-301F-11D3-BF4B-00C04F79EFBC}") = "ChainRunner.Extensions.MicrosoftDependencyInjection", "src\ChainRunner.Extensions.MicrosoftDependencyInjection\ChainRunner.Extensions.MicrosoftDependencyInjection.csproj", "{E73F34A6-0291-42F6-9C1A-5DBD87AE866F}"
EndProject
Project("{FAE04EC0-301F-11D3-BF4B-00C04F79EFBC}") = "ChainRunner", "src\ChainRunner\ChainRunner.csproj", "{456C52CB-4367-4B71-9504-F1096E5D10A5}"
EndProject
Project("{2150E333-8FDC-42A3-9474-1A3956D46DE8}") = "Solution Items", "Solution Items", "{7EF700B1-EE63-415F-8BEA-92C00EC991E9}"
ProjectSection(SolutionItems) = preProject
	.gitignore = .gitignore
	LICENSE = LICENSE
	global.json = global.json
	README.md = README.md
EndProjectSection
EndProject
Project("{2150E333-8FDC-42A3-9474-1A3956D46DE8}") = "src", "src", "{46F898B8-E1BF-4301-B0E5-0E69621F1E17}"
EndProject
Project("{2150E333-8FDC-42A3-9474-1A3956D46DE8}") = "samples", "samples", "{6F22BEE3-CB9B-49FB-BEFF-11D838E6A25C}"
EndProject
Project("{FAE04EC0-301F-11D3-BF4B-00C04F79EFBC}") = "ChainRunner.WebApiSample", "samples\ChainRunner.WebApiSample\ChainRunner.WebApiSample.csproj", "{0AFA9CD9-0658-45E2-A2C2-F5729C547AF8}"
EndProject
Global
	GlobalSection(SolutionConfigurationPlatforms) = preSolution
		Debug|Any CPU = Debug|Any CPU
		Release|Any CPU = Release|Any CPU
	EndGlobalSection
	GlobalSection(ProjectConfigurationPlatforms) = postSolution
		{E73F34A6-0291-42F6-9C1A-5DBD87AE866F}.Debug|Any CPU.ActiveCfg = Debug|Any CPU
		{E73F34A6-0291-42F6-9C1A-5DBD87AE866F}.Debug|Any CPU.Build.0 = Debug|Any CPU
		{E73F34A6-0291-42F6-9C1A-5DBD87AE866F}.Release|Any CPU.ActiveCfg = Release|Any CPU
		{E73F34A6-0291-42F6-9C1A-5DBD87AE866F}.Release|Any CPU.Build.0 = Release|Any CPU
		{456C52CB-4367-4B71-9504-F1096E5D10A5}.Debug|Any CPU.ActiveCfg = Debug|Any CPU
		{456C52CB-4367-4B71-9504-F1096E5D10A5}.Debug|Any CPU.Build.0 = Debug|Any CPU
		{456C52CB-4367-4B71-9504-F1096E5D10A5}.Release|Any CPU.ActiveCfg = Release|Any CPU
		{456C52CB-4367-4B71-9504-F1096E5D10A5}.Release|Any CPU.Build.0 = Release|Any CPU
		{0AFA9CD9-0658-45E2-A2C2-F5729C547AF8}.Debug|Any CPU.ActiveCfg = Debug|Any CPU
		{0AFA9CD9-0658-45E2-A2C2-F5729C547AF8}.Debug|Any CPU.Build.0 = Debug|Any CPU
		{0AFA9CD9-0658-45E2-A2C2-F5729C547AF8}.Release|Any CPU.ActiveCfg = Release|Any CPU
		{0AFA9CD9-0658-45E2-A2C2-F5729C547AF8}.Release|Any CPU.Build.0 = Release|Any CPU
	EndGlobalSection
	GlobalSection(NestedProjects) = preSolution
		{456C52CB-4367-4B71-9504-F1096E5D10A5} = {46F898B8-E1BF-4301-B0E5-0E69621F1E17}
		{E73F34A6-0291-42F6-9C1A-5DBD87AE866F} = {46F898B8-E1BF-4301-B0E5-0E69621F1E17}
		{0AFA9CD9-0658-45E2-A2C2-F5729C547AF8} = {6F22BEE3-CB9B-49FB-BEFF-11D838E6A25C}
	EndGlobalSection
EndGlobal
